
Microsoft Visual Studio Solution File, Format Version 12.00
# Visual Studio Version 16
VisualStudioVersion = 16.0.31105.61
MinimumVisualStudioVersion = 10.0.40219.1
Project("{9A19103F-16F7-4668-BE54-9A1E7A4F7556}") = "ICXP003.api", "ICXP003.api\ICXP003.api.csproj", "{7A2A22E6-3083-4F0D-B4B0-4C2EC65AE3E2}"
EndProject
Project("{FAE04EC0-301F-11D3-BF4B-00C04F79EFBC}") = "FNC_ICXP003", "FNC_ICXP003\FNC_ICXP003.csproj", "{785C2F6E-1B86-416F-BE33-903DCB2EB4DA}"
EndProject
Global
	GlobalSection(SolutionConfigurationPlatforms) = preSolution
		Debug|Any CPU = Debug|Any CPU
		Release|Any CPU = Release|Any CPU
	EndGlobalSection
	GlobalSection(ProjectConfigurationPlatforms) = postSolution
		{7A2A22E6-3083-4F0D-B4B0-4C2EC65AE3E2}.Debug|Any CPU.ActiveCfg = Debug|Any CPU
		{7A2A22E6-3083-4F0D-B4B0-4C2EC65AE3E2}.Debug|Any CPU.Build.0 = Debug|Any CPU
		{7A2A22E6-3083-4F0D-B4B0-4C2EC65AE3E2}.Release|Any CPU.ActiveCfg = Release|Any CPU
		{7A2A22E6-3083-4F0D-B4B0-4C2EC65AE3E2}.Release|Any CPU.Build.0 = Release|Any CPU
		{785C2F6E-1B86-416F-BE33-903DCB2EB4DA}.Debug|Any CPU.ActiveCfg = Debug|Any CPU
		{785C2F6E-1B86-416F-BE33-903DCB2EB4DA}.Debug|Any CPU.Build.0 = Debug|Any CPU
		{785C2F6E-1B86-416F-BE33-903DCB2EB4DA}.Release|Any CPU.ActiveCfg = Release|Any CPU
		{785C2F6E-1B86-416F-BE33-903DCB2EB4DA}.Release|Any CPU.Build.0 = Release|Any CPU
	EndGlobalSection
	GlobalSection(SolutionProperties) = preSolution
		HideSolutionNode = FALSE
	EndGlobalSection
	GlobalSection(ExtensibilityGlobals) = postSolution
		SolutionGuid = {1DEB7B52-C292-424E-A758-762E5F121259}
	EndGlobalSection
EndGlobal
