
Microsoft Visual Studio Solution File, Format Version 12.00
# Visual Studio Version 16
VisualStudioVersion = 16.0.31105.61
MinimumVisualStudioVersion = 10.0.40219.1
Project("{9A19103F-16F7-4668-BE54-9A1E7A4F7556}") = "ILOG002.api", "ILOG002.api\ILOG002.api.csproj", "{ACE042AB-60E0-4869-BCC1-19A8F289566D}"
EndProject
Project("{9A19103F-16F7-4668-BE54-9A1E7A4F7556}") = "ILOG002", "ILOG002\ILOG002.csproj", "{E80B30EA-21E3-4204-AC19-B40D2F2CAD09}"
EndProject
Global
	GlobalSection(SolutionConfigurationPlatforms) = preSolution
		Debug|Any CPU = Debug|Any CPU
		Release|Any CPU = Release|Any CPU
	EndGlobalSection
	GlobalSection(ProjectConfigurationPlatforms) = postSolution
		{ACE042AB-60E0-4869-BCC1-19A8F289566D}.Debug|Any CPU.ActiveCfg = Debug|Any CPU
		{ACE042AB-60E0-4869-BCC1-19A8F289566D}.Debug|Any CPU.Build.0 = Debug|Any CPU
		{ACE042AB-60E0-4869-BCC1-19A8F289566D}.Release|Any CPU.ActiveCfg = Release|Any CPU
		{ACE042AB-60E0-4869-BCC1-19A8F289566D}.Release|Any CPU.Build.0 = Release|Any CPU
		{E80B30EA-21E3-4204-AC19-B40D2F2CAD09}.Debug|Any CPU.ActiveCfg = Debug|Any CPU
		{E80B30EA-21E3-4204-AC19-B40D2F2CAD09}.Debug|Any CPU.Build.0 = Debug|Any CPU
		{E80B30EA-21E3-4204-AC19-B40D2F2CAD09}.Release|Any CPU.ActiveCfg = Release|Any CPU
		{E80B30EA-21E3-4204-AC19-B40D2F2CAD09}.Release|Any CPU.Build.0 = Release|Any CPU
	EndGlobalSection
	GlobalSection(SolutionProperties) = preSolution
		HideSolutionNode = FALSE
	EndGlobalSection
	GlobalSection(ExtensibilityGlobals) = postSolution
		SolutionGuid = {91AECD9B-B4DE-4D38-94E1-B97C026CE093}
	EndGlobalSection
EndGlobal
