
Microsoft Visual Studio Solution File, Format Version 12.00
# Visual Studio Version 16
VisualStudioVersion = 16.0.31105.61
MinimumVisualStudioVersion = 10.0.40219.1
Project("{FAE04EC0-301F-11D3-BF4B-00C04F79EFBC}") = "IPRO007.api", "IPRO007.api\IPRO007.api.csproj", "{8E5D860A-AA27-4F99-977A-B1417CA38480}"
EndProject
Global
	GlobalSection(SolutionConfigurationPlatforms) = preSolution
		Debug|Any CPU = Debug|Any CPU
		Release|Any CPU = Release|Any CPU
	EndGlobalSection
	GlobalSection(ProjectConfigurationPlatforms) = postSolution
		{8E5D860A-AA27-4F99-977A-B1417CA38480}.Debug|Any CPU.ActiveCfg = Debug|Any CPU
		{8E5D860A-AA27-4F99-977A-B1417CA38480}.Debug|Any CPU.Build.0 = Debug|Any CPU
		{8E5D860A-AA27-4F99-977A-B1417CA38480}.Release|Any CPU.ActiveCfg = Release|Any CPU
		{8E5D860A-AA27-4F99-977A-B1417CA38480}.Release|Any CPU.Build.0 = Release|Any CPU
	EndGlobalSection
	GlobalSection(SolutionProperties) = preSolution
		HideSolutionNode = FALSE
	EndGlobalSection
	GlobalSection(ExtensibilityGlobals) = postSolution
		SolutionGuid = {864739D3-2A93-480F-8FE4-36F459BC149C}
	EndGlobalSection
EndGlobal
