
Microsoft Visual Studio Solution File, Format Version 12.00
# Visual Studio Version 16
VisualStudioVersion = 16.0.31105.61
MinimumVisualStudioVersion = 10.0.40219.1
Project("{9A19103F-16F7-4668-BE54-9A1E7A4F7556}") = "IVTA004", "IVTA004.csproj", "{78CA8AE3-8FA6-42BB-BE16-3B362FF5076E}"
EndProject
Global
	GlobalSection(SolutionConfigurationPlatforms) = preSolution
		Debug|Any CPU = Debug|Any CPU
		Release|Any CPU = Release|Any CPU
	EndGlobalSection
	GlobalSection(ProjectConfigurationPlatforms) = postSolution
		{78CA8AE3-8FA6-42BB-BE16-3B362FF5076E}.Debug|Any CPU.ActiveCfg = Debug|Any CPU
		{78CA8AE3-8FA6-42BB-BE16-3B362FF5076E}.Debug|Any CPU.Build.0 = Debug|Any CPU
		{78CA8AE3-8FA6-42BB-BE16-3B362FF5076E}.Release|Any CPU.ActiveCfg = Release|Any CPU
		{78CA8AE3-8FA6-42BB-BE16-3B362FF5076E}.Release|Any CPU.Build.0 = Release|Any CPU
	EndGlobalSection
	GlobalSection(SolutionProperties) = preSolution
		HideSolutionNode = FALSE
	EndGlobalSection
	GlobalSection(ExtensibilityGlobals) = postSolution
		SolutionGuid = {5D9D65ED-925B-43D8-AC14-915EFAC3BF5E}
	EndGlobalSection
EndGlobal
