
Microsoft Visual Studio Solution File, Format Version 12.00
# Visual Studio Version 16
VisualStudioVersion = 16.0.31105.61
MinimumVisualStudioVersion = 10.0.40219.1
Project("{FAE04EC0-301F-11D3-BF4B-00C04F79EFBC}") = "ICOB004.api", "ICOB004.api\ICOB004.api.csproj", "{88B66755-905C-43CB-9497-00A947B311DA}"
EndProject
Global
	GlobalSection(SolutionConfigurationPlatforms) = preSolution
		Debug|Any CPU = Debug|Any CPU
		Release|Any CPU = Release|Any CPU
	EndGlobalSection
	GlobalSection(ProjectConfigurationPlatforms) = postSolution
		{88B66755-905C-43CB-9497-00A947B311DA}.Debug|Any CPU.ActiveCfg = Debug|Any CPU
		{88B66755-905C-43CB-9497-00A947B311DA}.Debug|Any CPU.Build.0 = Debug|Any CPU
		{88B66755-905C-43CB-9497-00A947B311DA}.Release|Any CPU.ActiveCfg = Release|Any CPU
		{88B66755-905C-43CB-9497-00A947B311DA}.Release|Any CPU.Build.0 = Release|Any CPU
	EndGlobalSection
	GlobalSection(SolutionProperties) = preSolution
		HideSolutionNode = FALSE
	EndGlobalSection
	GlobalSection(ExtensibilityGlobals) = postSolution
		SolutionGuid = {C081CC8C-378C-4723-9C27-829A7F8462C8}
	EndGlobalSection
EndGlobal
