
Microsoft Visual Studio Solution File, Format Version 12.00
# Visual Studio Version 16
VisualStudioVersion = 16.0.31105.61
MinimumVisualStudioVersion = 10.0.40219.1
Project("{9A19103F-16F7-4668-BE54-9A1E7A4F7556}") = "ICOB007", "ICOB007\ICOB007.csproj", "{3ABF5B5E-503E-4DC8-873E-420DA86D99D3}"
EndProject
Global
	GlobalSection(SolutionConfigurationPlatforms) = preSolution
		Debug|Any CPU = Debug|Any CPU
		Release|Any CPU = Release|Any CPU
	EndGlobalSection
	GlobalSection(ProjectConfigurationPlatforms) = postSolution
		{3ABF5B5E-503E-4DC8-873E-420DA86D99D3}.Debug|Any CPU.ActiveCfg = Debug|Any CPU
		{3ABF5B5E-503E-4DC8-873E-420DA86D99D3}.Debug|Any CPU.Build.0 = Debug|Any CPU
		{3ABF5B5E-503E-4DC8-873E-420DA86D99D3}.Release|Any CPU.ActiveCfg = Release|Any CPU
		{3ABF5B5E-503E-4DC8-873E-420DA86D99D3}.Release|Any CPU.Build.0 = Release|Any CPU
	EndGlobalSection
	GlobalSection(SolutionProperties) = preSolution
		HideSolutionNode = FALSE
	EndGlobalSection
	GlobalSection(ExtensibilityGlobals) = postSolution
		SolutionGuid = {99DA2A4F-B0EE-4A95-AA3E-EDFFDEBED9E2}
	EndGlobalSection
EndGlobal
